// !$*UTF8*$!
{
	archiveVersion = 1;
	classes = {
	};
	objectVersion = 55;
	objects = {

/* Begin PBXBuildFile section */
		02299084285EA5AF00F4E3CC /* extensionUIImage.swift in Sources */ = {isa = PBXBuildFile; fileRef = 02299083285EA5AF00F4E3CC /* extensionUIImage.swift */; };
		02299086285EA81100F4E3CC /* ViewControllerDetails.swift in Sources */ = {isa = PBXBuildFile; fileRef = 02299085285EA81100F4E3CC /* ViewControllerDetails.swift */; };
		02BF0655285CB81E0006F4B1 /* AppDelegate.swift in Sources */ = {isa = PBXBuildFile; fileRef = 02BF0654285CB81E0006F4B1 /* AppDelegate.swift */; };
		02BF0657285CB81E0006F4B1 /* SceneDelegate.swift in Sources */ = {isa = PBXBuildFile; fileRef = 02BF0656285CB81E0006F4B1 /* SceneDelegate.swift */; };
		02BF0659285CB81E0006F4B1 /* ViewController.swift in Sources */ = {isa = PBXBuildFile; fileRef = 02BF0658285CB81E0006F4B1 /* ViewController.swift */; };
		02BF065C285CB81E0006F4B1 /* Main.storyboard in Resources */ = {isa = PBXBuildFile; fileRef = 02BF065A285CB81E0006F4B1 /* Main.storyboard */; };
		02BF065E285CB8200006F4B1 /* Assets.xcassets in Resources */ = {isa = PBXBuildFile; fileRef = 02BF065D285CB8200006F4B1 /* Assets.xcassets */; };
		02BF0661285CB8200006F4B1 /* LaunchScreen.storyboard in Resources */ = {isa = PBXBuildFile; fileRef = 02BF065F285CB8200006F4B1 /* LaunchScreen.storyboard */; };
		02BF066C285CB8210006F4B1 /* PokemonAPITests.swift in Sources */ = {isa = PBXBuildFile; fileRef = 02BF066B285CB8210006F4B1 /* PokemonAPITests.swift */; };
		02BF0676285CB8210006F4B1 /* PokemonAPIUITests.swift in Sources */ = {isa = PBXBuildFile; fileRef = 02BF0675285CB8210006F4B1 /* PokemonAPIUITests.swift */; };
		02BF0678285CB8210006F4B1 /* PokemonAPIUITestsLaunchTests.swift in Sources */ = {isa = PBXBuildFile; fileRef = 02BF0677285CB8210006F4B1 /* PokemonAPIUITestsLaunchTests.swift */; };
		02BF068B285CCAC00006F4B1 /* mainModel.swift in Sources */ = {isa = PBXBuildFile; fileRef = 02BF068A285CCAC00006F4B1 /* mainModel.swift */; };
		02BF068E285CCE480006F4B1 /* extension+URL+Errors.swift in Sources */ = {isa = PBXBuildFile; fileRef = 02BF068D285CCE480006F4B1 /* extension+URL+Errors.swift */; };
		02BF0690285CCF020006F4B1 /* extension+URL+Request.swift in Sources */ = {isa = PBXBuildFile; fileRef = 02BF068F285CCF020006F4B1 /* extension+URL+Request.swift */; };
		02BF0692285CD4450006F4B1 /* links.swift in Sources */ = {isa = PBXBuildFile; fileRef = 02BF0691285CD4450006F4B1 /* links.swift */; };
/* End PBXBuildFile section */

/* Begin PBXContainerItemProxy section */
		02BF0668285CB8210006F4B1 /* PBXContainerItemProxy */ = {
			isa = PBXContainerItemProxy;
			containerPortal = 02BF0649285CB81E0006F4B1 /* Project object */;
			proxyType = 1;
			remoteGlobalIDString = 02BF0650285CB81E0006F4B1;
			remoteInfo = PokemonAPI;
		};
		02BF0672285CB8210006F4B1 /* PBXContainerItemProxy */ = {
			isa = PBXContainerItemProxy;
			containerPortal = 02BF0649285CB81E0006F4B1 /* Project object */;
			proxyType = 1;
			remoteGlobalIDString = 02BF0650285CB81E0006F4B1;
			remoteInfo = PokemonAPI;
		};
/* End PBXContainerItemProxy section */

/* Begin PBXFileReference section */
		02299083285EA5AF00F4E3CC /* extensionUIImage.swift */ = {isa = PBXFileReference; lastKnownFileType = sourcecode.swift; path = extensionUIImage.swift; sourceTree = "<group>"; };
		02299085285EA81100F4E3CC /* ViewControllerDetails.swift */ = {isa = PBXFileReference; lastKnownFileType = sourcecode.swift; path = ViewControllerDetails.swift; sourceTree = "<group>"; };
		02BF0651285CB81E0006F4B1 /* PokemonAPI.app */ = {isa = PBXFileReference; explicitFileType = wrapper.application; includeInIndex = 0; path = PokemonAPI.app; sourceTree = BUILT_PRODUCTS_DIR; };
		02BF0654285CB81E0006F4B1 /* AppDelegate.swift */ = {isa = PBXFileReference; lastKnownFileType = sourcecode.swift; path = AppDelegate.swift; sourceTree = "<group>"; };
		02BF0656285CB81E0006F4B1 /* SceneDelegate.swift */ = {isa = PBXFileReference; lastKnownFileType = sourcecode.swift; path = SceneDelegate.swift; sourceTree = "<group>"; };
		02BF0658285CB81E0006F4B1 /* ViewController.swift */ = {isa = PBXFileReference; lastKnownFileType = sourcecode.swift; path = ViewController.swift; sourceTree = "<group>"; };
		02BF065B285CB81E0006F4B1 /* Base */ = {isa = PBXFileReference; lastKnownFileType = file.storyboard; name = Base; path = Base.lproj/Main.storyboard; sourceTree = "<group>"; };
		02BF065D285CB8200006F4B1 /* Assets.xcassets */ = {isa = PBXFileReference; lastKnownFileType = folder.assetcatalog; path = Assets.xcassets; sourceTree = "<group>"; };
		02BF0660285CB8200006F4B1 /* Base */ = {isa = PBXFileReference; lastKnownFileType = file.storyboard; name = Base; path = Base.lproj/LaunchScreen.storyboard; sourceTree = "<group>"; };
		02BF0662285CB8200006F4B1 /* Info.plist */ = {isa = PBXFileReference; lastKnownFileType = text.plist.xml; path = Info.plist; sourceTree = "<group>"; };
		02BF0667285CB8210006F4B1 /* PokemonAPITests.xctest */ = {isa = PBXFileReference; explicitFileType = wrapper.cfbundle; includeInIndex = 0; path = PokemonAPITests.xctest; sourceTree = BUILT_PRODUCTS_DIR; };
		02BF066B285CB8210006F4B1 /* PokemonAPITests.swift */ = {isa = PBXFileReference; lastKnownFileType = sourcecode.swift; path = PokemonAPITests.swift; sourceTree = "<group>"; };
		02BF0671285CB8210006F4B1 /* PokemonAPIUITests.xctest */ = {isa = PBXFileReference; explicitFileType = wrapper.cfbundle; includeInIndex = 0; path = PokemonAPIUITests.xctest; sourceTree = BUILT_PRODUCTS_DIR; };
		02BF0675285CB8210006F4B1 /* PokemonAPIUITests.swift */ = {isa = PBXFileReference; lastKnownFileType = sourcecode.swift; path = PokemonAPIUITests.swift; sourceTree = "<group>"; };
		02BF0677285CB8210006F4B1 /* PokemonAPIUITestsLaunchTests.swift */ = {isa = PBXFileReference; lastKnownFileType = sourcecode.swift; path = PokemonAPIUITestsLaunchTests.swift; sourceTree = "<group>"; };
		02BF068A285CCAC00006F4B1 /* mainModel.swift */ = {isa = PBXFileReference; lastKnownFileType = sourcecode.swift; path = mainModel.swift; sourceTree = "<group>"; };
		02BF068D285CCE480006F4B1 /* extension+URL+Errors.swift */ = {isa = PBXFileReference; lastKnownFileType = sourcecode.swift; path = "extension+URL+Errors.swift"; sourceTree = "<group>"; };
		02BF068F285CCF020006F4B1 /* extension+URL+Request.swift */ = {isa = PBXFileReference; lastKnownFileType = sourcecode.swift; path = "extension+URL+Request.swift"; sourceTree = "<group>"; };
		02BF0691285CD4450006F4B1 /* links.swift */ = {isa = PBXFileReference; lastKnownFileType = sourcecode.swift; path = links.swift; sourceTree = "<group>"; };
/* End PBXFileReference section */

/* Begin PBXFrameworksBuildPhase section */
		02BF064E285CB81E0006F4B1 /* Frameworks */ = {
			isa = PBXFrameworksBuildPhase;
			buildActionMask = 2147483647;
			files = (
			);
			runOnlyForDeploymentPostprocessing = 0;
		};
		02BF0664285CB8210006F4B1 /* Frameworks */ = {
			isa = PBXFrameworksBuildPhase;
			buildActionMask = 2147483647;
			files = (
			);
			runOnlyForDeploymentPostprocessing = 0;
		};
		02BF066E285CB8210006F4B1 /* Frameworks */ = {
			isa = PBXFrameworksBuildPhase;
			buildActionMask = 2147483647;
			files = (
			);
			runOnlyForDeploymentPostprocessing = 0;
		};
/* End PBXFrameworksBuildPhase section */

/* Begin PBXGroup section */
		02BF0648285CB81E0006F4B1 = {
			isa = PBXGroup;
			children = (
				02BF0653285CB81E0006F4B1 /* PokemonAPI */,
				02BF066A285CB8210006F4B1 /* PokemonAPITests */,
				02BF0674285CB8210006F4B1 /* PokemonAPIUITests */,
				02BF0652285CB81E0006F4B1 /* Products */,
			);
			sourceTree = "<group>";
		};
		02BF0652285CB81E0006F4B1 /* Products */ = {
			isa = PBXGroup;
			children = (
				02BF0651285CB81E0006F4B1 /* PokemonAPI.app */,
				02BF0667285CB8210006F4B1 /* PokemonAPITests.xctest */,
				02BF0671285CB8210006F4B1 /* PokemonAPIUITests.xctest */,
			);
			name = Products;
			sourceTree = "<group>";
		};
		02BF0653285CB81E0006F4B1 /* PokemonAPI */ = {
			isa = PBXGroup;
			children = (
				02BF068C285CCE2A0006F4B1 /* Utilis */,
				02BF0689285CCA8B0006F4B1 /* Other Files */,
				02BF0688285CCA7E0006F4B1 /* networking */,
				02BF0687285CCA750006F4B1 /* Model */,
				02BF0684285CCA560006F4B1 /* Controllers */,
				02BF065A285CB81E0006F4B1 /* Main.storyboard */,
				02BF065D285CB8200006F4B1 /* Assets.xcassets */,
				02BF065F285CB8200006F4B1 /* LaunchScreen.storyboard */,
				02BF0662285CB8200006F4B1 /* Info.plist */,
			);
			path = PokemonAPI;
			sourceTree = "<group>";
		};
		02BF066A285CB8210006F4B1 /* PokemonAPITests */ = {
			isa = PBXGroup;
			children = (
				02BF066B285CB8210006F4B1 /* PokemonAPITests.swift */,
			);
			path = PokemonAPITests;
			sourceTree = "<group>";
		};
		02BF0674285CB8210006F4B1 /* PokemonAPIUITests */ = {
			isa = PBXGroup;
			children = (
				02BF0675285CB8210006F4B1 /* PokemonAPIUITests.swift */,
				02BF0677285CB8210006F4B1 /* PokemonAPIUITestsLaunchTests.swift */,
			);
			path = PokemonAPIUITests;
			sourceTree = "<group>";
		};
		02BF0684285CCA560006F4B1 /* Controllers */ = {
			isa = PBXGroup;
			children = (
				02BF0658285CB81E0006F4B1 /* ViewController.swift */,
				02299085285EA81100F4E3CC /* ViewControllerDetails.swift */,
			);
			path = Controllers;
			sourceTree = "<group>";
		};
		02BF0687285CCA750006F4B1 /* Model */ = {
			isa = PBXGroup;
			children = (
				02BF068A285CCAC00006F4B1 /* mainModel.swift */,
			);
			path = Model;
			sourceTree = "<group>";
		};
		02BF0688285CCA7E0006F4B1 /* networking */ = {
			isa = PBXGroup;
			children = (
				02BF0691285CD4450006F4B1 /* links.swift */,
			);
			path = networking;
			sourceTree = "<group>";
		};
		02BF0689285CCA8B0006F4B1 /* Other Files */ = {
			isa = PBXGroup;
			children = (
				02BF0656285CB81E0006F4B1 /* SceneDelegate.swift */,
				02BF0654285CB81E0006F4B1 /* AppDelegate.swift */,
			);
			path = "Other Files";
			sourceTree = "<group>";
		};
		02BF068C285CCE2A0006F4B1 /* Utilis */ = {
			isa = PBXGroup;
			children = (
				02BF068D285CCE480006F4B1 /* extension+URL+Errors.swift */,
				02BF068F285CCF020006F4B1 /* extension+URL+Request.swift */,
				02299083285EA5AF00F4E3CC /* extensionUIImage.swift */,
			);
			path = Utilis;
			sourceTree = "<group>";
		};
/* End PBXGroup section */

/* Begin PBXNativeTarget section */
		02BF0650285CB81E0006F4B1 /* PokemonAPI */ = {
			isa = PBXNativeTarget;
			buildConfigurationList = 02BF067B285CB8210006F4B1 /* Build configuration list for PBXNativeTarget "PokemonAPI" */;
			buildPhases = (
				02BF064D285CB81E0006F4B1 /* Sources */,
				02BF064E285CB81E0006F4B1 /* Frameworks */,
				02BF064F285CB81E0006F4B1 /* Resources */,
			);
			buildRules = (
			);
			dependencies = (
			);
			name = PokemonAPI;
			productName = PokemonAPI;
			productReference = 02BF0651285CB81E0006F4B1 /* PokemonAPI.app */;
			productType = "com.apple.product-type.application";
		};
		02BF0666285CB8210006F4B1 /* PokemonAPITests */ = {
			isa = PBXNativeTarget;
			buildConfigurationList = 02BF067E285CB8210006F4B1 /* Build configuration list for PBXNativeTarget "PokemonAPITests" */;
			buildPhases = (
				02BF0663285CB8210006F4B1 /* Sources */,
				02BF0664285CB8210006F4B1 /* Frameworks */,
				02BF0665285CB8210006F4B1 /* Resources */,
			);
			buildRules = (
			);
			dependencies = (
				02BF0669285CB8210006F4B1 /* PBXTargetDependency */,
			);
			name = PokemonAPITests;
			productName = PokemonAPITests;
			productReference = 02BF0667285CB8210006F4B1 /* PokemonAPITests.xctest */;
			productType = "com.apple.product-type.bundle.unit-test";
		};
		02BF0670285CB8210006F4B1 /* PokemonAPIUITests */ = {
			isa = PBXNativeTarget;
			buildConfigurationList = 02BF0681285CB8210006F4B1 /* Build configuration list for PBXNativeTarget "PokemonAPIUITests" */;
			buildPhases = (
				02BF066D285CB8210006F4B1 /* Sources */,
				02BF066E285CB8210006F4B1 /* Frameworks */,
				02BF066F285CB8210006F4B1 /* Resources */,
			);
			buildRules = (
			);
			dependencies = (
				02BF0673285CB8210006F4B1 /* PBXTargetDependency */,
			);
			name = PokemonAPIUITests;
			productName = PokemonAPIUITests;
			productReference = 02BF0671285CB8210006F4B1 /* PokemonAPIUITests.xctest */;
			productType = "com.apple.product-type.bundle.ui-testing";
		};
/* End PBXNativeTarget section */

/* Begin PBXProject section */
		02BF0649285CB81E0006F4B1 /* Project object */ = {
			isa = PBXProject;
			attributes = {
				BuildIndependentTargetsInParallel = 1;
				LastSwiftUpdateCheck = 1340;
				LastUpgradeCheck = 1340;
				TargetAttributes = {
					02BF0650285CB81E0006F4B1 = {
						CreatedOnToolsVersion = 13.4;
					};
					02BF0666285CB8210006F4B1 = {
						CreatedOnToolsVersion = 13.4;
						TestTargetID = 02BF0650285CB81E0006F4B1;
					};
					02BF0670285CB8210006F4B1 = {
						CreatedOnToolsVersion = 13.4;
						TestTargetID = 02BF0650285CB81E0006F4B1;
					};
				};
			};
			buildConfigurationList = 02BF064C285CB81E0006F4B1 /* Build configuration list for PBXProject "PokemonAPI" */;
			compatibilityVersion = "Xcode 13.0";
			developmentRegion = en;
			hasScannedForEncodings = 0;
			knownRegions = (
				en,
				Base,
			);
			mainGroup = 02BF0648285CB81E0006F4B1;
			productRefGroup = 02BF0652285CB81E0006F4B1 /* Products */;
			projectDirPath = "";
			projectRoot = "";
			targets = (
				02BF0650285CB81E0006F4B1 /* PokemonAPI */,
				02BF0666285CB8210006F4B1 /* PokemonAPITests */,
				02BF0670285CB8210006F4B1 /* PokemonAPIUITests */,
			);
		};
/* End PBXProject section */

/* Begin PBXResourcesBuildPhase section */
		02BF064F285CB81E0006F4B1 /* Resources */ = {
			isa = PBXResourcesBuildPhase;
			buildActionMask = 2147483647;
			files = (
				02BF0661285CB8200006F4B1 /* LaunchScreen.storyboard in Resources */,
				02BF065E285CB8200006F4B1 /* Assets.xcassets in Resources */,
				02BF065C285CB81E0006F4B1 /* Main.storyboard in Resources */,
			);
			runOnlyForDeploymentPostprocessing = 0;
		};
		02BF0665285CB8210006F4B1 /* Resources */ = {
			isa = PBXResourcesBuildPhase;
			buildActionMask = 2147483647;
			files = (
			);
			runOnlyForDeploymentPostprocessing = 0;
		};
		02BF066F285CB8210006F4B1 /* Resources */ = {
			isa = PBXResourcesBuildPhase;
			buildActionMask = 2147483647;
			files = (
			);
			runOnlyForDeploymentPostprocessing = 0;
		};
/* End PBXResourcesBuildPhase section */

/* Begin PBXSourcesBuildPhase section */
		02BF064D285CB81E0006F4B1 /* Sources */ = {
			isa = PBXSourcesBuildPhase;
			buildActionMask = 2147483647;
			files = (
				02BF068E285CCE480006F4B1 /* extension+URL+Errors.swift in Sources */,
				02299086285EA81100F4E3CC /* ViewControllerDetails.swift in Sources */,
				02BF0659285CB81E0006F4B1 /* ViewController.swift in Sources */,
				02BF0692285CD4450006F4B1 /* links.swift in Sources */,
				02BF0655285CB81E0006F4B1 /* AppDelegate.swift in Sources */,
				02BF0657285CB81E0006F4B1 /* SceneDelegate.swift in Sources */,
				02BF068B285CCAC00006F4B1 /* mainModel.swift in Sources */,
				02BF0690285CCF020006F4B1 /* extension+URL+Request.swift in Sources */,
				02299084285EA5AF00F4E3CC /* extensionUIImage.swift in Sources */,
			);
			runOnlyForDeploymentPostprocessing = 0;
		};
		02BF0663285CB8210006F4B1 /* Sources */ = {
			isa = PBXSourcesBuildPhase;
			buildActionMask = 2147483647;
			files = (
				02BF066C285CB8210006F4B1 /* PokemonAPITests.swift in Sources */,
			);
			runOnlyForDeploymentPostprocessing = 0;
		};
		02BF066D285CB8210006F4B1 /* Sources */ = {
			isa = PBXSourcesBuildPhase;
			buildActionMask = 2147483647;
			files = (
				02BF0676285CB8210006F4B1 /* PokemonAPIUITests.swift in Sources */,
				02BF0678285CB8210006F4B1 /* PokemonAPIUITestsLaunchTests.swift in Sources */,
			);
			runOnlyForDeploymentPostprocessing = 0;
		};
/* End PBXSourcesBuildPhase section */

/* Begin PBXTargetDependency section */
		02BF0669285CB8210006F4B1 /* PBXTargetDependency */ = {
			isa = PBXTargetDependency;
			target = 02BF0650285CB81E0006F4B1 /* PokemonAPI */;
			targetProxy = 02BF0668285CB8210006F4B1 /* PBXContainerItemProxy */;
		};
		02BF0673285CB8210006F4B1 /* PBXTargetDependency */ = {
			isa = PBXTargetDependency;
			target = 02BF0650285CB81E0006F4B1 /* PokemonAPI */;
			targetProxy = 02BF0672285CB8210006F4B1 /* PBXContainerItemProxy */;
		};
/* End PBXTargetDependency section */

/* Begin PBXVariantGroup section */
		02BF065A285CB81E0006F4B1 /* Main.storyboard */ = {
			isa = PBXVariantGroup;
			children = (
				02BF065B285CB81E0006F4B1 /* Base */,
			);
			name = Main.storyboard;
			sourceTree = "<group>";
		};
		02BF065F285CB8200006F4B1 /* LaunchScreen.storyboard */ = {
			isa = PBXVariantGroup;
			children = (
				02BF0660285CB8200006F4B1 /* Base */,
			);
			name = LaunchScreen.storyboard;
			sourceTree = "<group>";
		};
/* End PBXVariantGroup section */

/* Begin XCBuildConfiguration section */
		02BF0679285CB8210006F4B1 /* Debug */ = {
			isa = XCBuildConfiguration;
			buildSettings = {
				ALWAYS_SEARCH_USER_PATHS = NO;
				CLANG_ANALYZER_NONNULL = YES;
				CLANG_ANALYZER_NUMBER_OBJECT_CONVERSION = YES_AGGRESSIVE;
				CLANG_CXX_LANGUAGE_STANDARD = "gnu++17";
				CLANG_ENABLE_MODULES = YES;
				CLANG_ENABLE_OBJC_ARC = YES;
				CLANG_ENABLE_OBJC_WEAK = YES;
				CLANG_WARN_BLOCK_CAPTURE_AUTORELEASING = YES;
				CLANG_WARN_BOOL_CONVERSION = YES;
				CLANG_WARN_COMMA = YES;
				CLANG_WARN_CONSTANT_CONVERSION = YES;
				CLANG_WARN_DEPRECATED_OBJC_IMPLEMENTATIONS = YES;
				CLANG_WARN_DIRECT_OBJC_ISA_USAGE = YES_ERROR;
				CLANG_WARN_DOCUMENTATION_COMMENTS = YES;
				CLANG_WARN_EMPTY_BODY = YES;
				CLANG_WARN_ENUM_CONVERSION = YES;
				CLANG_WARN_INFINITE_RECURSION = YES;
				CLANG_WARN_INT_CONVERSION = YES;
				CLANG_WARN_NON_LITERAL_NULL_CONVERSION = YES;
				CLANG_WARN_OBJC_IMPLICIT_RETAIN_SELF = YES;
				CLANG_WARN_OBJC_LITERAL_CONVERSION = YES;
				CLANG_WARN_OBJC_ROOT_CLASS = YES_ERROR;
				CLANG_WARN_QUOTED_INCLUDE_IN_FRAMEWORK_HEADER = YES;
				CLANG_WARN_RANGE_LOOP_ANALYSIS = YES;
				CLANG_WARN_STRICT_PROTOTYPES = YES;
				CLANG_WARN_SUSPICIOUS_MOVE = YES;
				CLANG_WARN_UNGUARDED_AVAILABILITY = YES_AGGRESSIVE;
				CLANG_WARN_UNREACHABLE_CODE = YES;
				CLANG_WARN__DUPLICATE_METHOD_MATCH = YES;
				COPY_PHASE_STRIP = NO;
				DEBUG_INFORMATION_FORMAT = dwarf;
				ENABLE_STRICT_OBJC_MSGSEND = YES;
				ENABLE_TESTABILITY = YES;
				GCC_C_LANGUAGE_STANDARD = gnu11;
				GCC_DYNAMIC_NO_PIC = NO;
				GCC_NO_COMMON_BLOCKS = YES;
				GCC_OPTIMIZATION_LEVEL = 0;
				GCC_PREPROCESSOR_DEFINITIONS = (
					"DEBUG=1",
					"$(inherited)",
				);
				GCC_WARN_64_TO_32_BIT_CONVERSION = YES;
				GCC_WARN_ABOUT_RETURN_TYPE = YES_ERROR;
				GCC_WARN_UNDECLARED_SELECTOR = YES;
				GCC_WARN_UNINITIALIZED_AUTOS = YES_AGGRESSIVE;
				GCC_WARN_UNUSED_FUNCTION = YES;
				GCC_WARN_UNUSED_VARIABLE = YES;
				IPHONEOS_DEPLOYMENT_TARGET = 15.5;
				MTL_ENABLE_DEBUG_INFO = INCLUDE_SOURCE;
				MTL_FAST_MATH = YES;
				ONLY_ACTIVE_ARCH = YES;
				SDKROOT = iphoneos;
				SWIFT_ACTIVE_COMPILATION_CONDITIONS = DEBUG;
				SWIFT_OPTIMIZATION_LEVEL = "-Onone";
			};
			name = Debug;
		};
		02BF067A285CB8210006F4B1 /* Release */ = {
			isa = XCBuildConfiguration;
			buildSettings = {
				ALWAYS_SEARCH_USER_PATHS = NO;
				CLANG_ANALYZER_NONNULL = YES;
				CLANG_ANALYZER_NUMBER_OBJECT_CONVERSION = YES_AGGRESSIVE;
				CLANG_CXX_LANGUAGE_STANDARD = "gnu++17";
				CLANG_ENABLE_MODULES = YES;
				CLANG_ENABLE_OBJC_ARC = YES;
				CLANG_ENABLE_OBJC_WEAK = YES;
				CLANG_WARN_BLOCK_CAPTURE_AUTORELEASING = YES;
				CLANG_WARN_BOOL_CONVERSION = YES;
				CLANG_WARN_COMMA = YES;
				CLANG_WARN_CONSTANT_CONVERSION = YES;
				CLANG_WARN_DEPRECATED_OBJC_IMPLEMENTATIONS = YES;
				CLANG_WARN_DIRECT_OBJC_ISA_USAGE = YES_ERROR;
				CLANG_WARN_DOCUMENTATION_COMMENTS = YES;
				CLANG_WARN_EMPTY_BODY = YES;
				CLANG_WARN_ENUM_CONVERSION = YES;
				CLANG_WARN_INFINITE_RECURSION = YES;
				CLANG_WARN_INT_CONVERSION = YES;
				CLANG_WARN_NON_LITERAL_NULL_CONVERSION = YES;
				CLANG_WARN_OBJC_IMPLICIT_RETAIN_SELF = YES;
				CLANG_WARN_OBJC_LITERAL_CONVERSION = YES;
				CLANG_WARN_OBJC_ROOT_CLASS = YES_ERROR;
				CLANG_WARN_QUOTED_INCLUDE_IN_FRAMEWORK_HEADER = YES;
				CLANG_WARN_RANGE_LOOP_ANALYSIS = YES;
				CLANG_WARN_STRICT_PROTOTYPES = YES;
				CLANG_WARN_SUSPICIOUS_MOVE = YES;
				CLANG_WARN_UNGUARDED_AVAILABILITY = YES_AGGRESSIVE;
				CLANG_WARN_UNREACHABLE_CODE = YES;
				CLANG_WARN__DUPLICATE_METHOD_MATCH = YES;
				COPY_PHASE_STRIP = NO;
				DEBUG_INFORMATION_FORMAT = "dwarf-with-dsym";
				ENABLE_NS_ASSERTIONS = NO;
				ENABLE_STRICT_OBJC_MSGSEND = YES;
				GCC_C_LANGUAGE_STANDARD = gnu11;
				GCC_NO_COMMON_BLOCKS = YES;
				GCC_WARN_64_TO_32_BIT_CONVERSION = YES;
				GCC_WARN_ABOUT_RETURN_TYPE = YES_ERROR;
				GCC_WARN_UNDECLARED_SELECTOR = YES;
				GCC_WARN_UNINITIALIZED_AUTOS = YES_AGGRESSIVE;
				GCC_WARN_UNUSED_FUNCTION = YES;
				GCC_WARN_UNUSED_VARIABLE = YES;
				IPHONEOS_DEPLOYMENT_TARGET = 15.5;
				MTL_ENABLE_DEBUG_INFO = NO;
				MTL_FAST_MATH = YES;
				SDKROOT = iphoneos;
				SWIFT_COMPILATION_MODE = wholemodule;
				SWIFT_OPTIMIZATION_LEVEL = "-O";
				VALIDATE_PRODUCT = YES;
			};
			name = Release;
		};
		02BF067C285CB8210006F4B1 /* Debug */ = {
			isa = XCBuildConfiguration;
			buildSettings = {
				ASSETCATALOG_COMPILER_APPICON_NAME = AppIcon;
				ASSETCATALOG_COMPILER_GLOBAL_ACCENT_COLOR_NAME = AccentColor;
				CODE_SIGN_STYLE = Automatic;
				CURRENT_PROJECT_VERSION = 1;
				GENERATE_INFOPLIST_FILE = YES;
				INFOPLIST_FILE = PokemonAPI/Info.plist;
				INFOPLIST_KEY_UIApplicationSupportsIndirectInputEvents = YES;
				INFOPLIST_KEY_UILaunchStoryboardName = LaunchScreen;
				INFOPLIST_KEY_UIMainStoryboardFile = Main;
				INFOPLIST_KEY_UISupportedInterfaceOrientations_iPad = "UIInterfaceOrientationPortrait UIInterfaceOrientationPortraitUpsideDown UIInterfaceOrientationLandscapeLeft UIInterfaceOrientationLandscapeRight";
				INFOPLIST_KEY_UISupportedInterfaceOrientations_iPhone = "UIInterfaceOrientationPortrait UIInterfaceOrientationLandscapeLeft UIInterfaceOrientationLandscapeRight";
				LD_RUNPATH_SEARCH_PATHS = (
					"$(inherited)",
					"@executable_path/Frameworks",
				);
				MARKETING_VERSION = 1.0;
				PRODUCT_BUNDLE_IDENTIFIER = h1.PokemonAPI;
				PRODUCT_NAME = "$(TARGET_NAME)";
				SWIFT_EMIT_LOC_STRINGS = YES;
				SWIFT_VERSION = 5.0;
				TARGETED_DEVICE_FAMILY = "1,2";
			};
			name = Debug;
		};
		02BF067D285CB8210006F4B1 /* Release */ = {
			isa = XCBuildConfiguration;
			buildSettings = {
				ASSETCATALOG_COMPILER_APPICON_NAME = AppIcon;
				ASSETCATALOG_COMPILER_GLOBAL_ACCENT_COLOR_NAME = AccentColor;
				CODE_SIGN_STYLE = Automatic;
				CURRENT_PROJECT_VERSION = 1;
				GENERATE_INFOPLIST_FILE = YES;
				INFOPLIST_FILE = PokemonAPI/Info.plist;
				INFOPLIST_KEY_UIApplicationSupportsIndirectInputEvents = YES;
				INFOPLIST_KEY_UILaunchStoryboardName = LaunchScreen;
				INFOPLIST_KEY_UIMainStoryboardFile = Main;
				INFOPLIST_KEY_UISupportedInterfaceOrientations_iPad = "UIInterfaceOrientationPortrait UIInterfaceOrientationPortraitUpsideDown UIInterfaceOrientationLandscapeLeft UIInterfaceOrientationLandscapeRight";
				INFOPLIST_KEY_UISupportedInterfaceOrientations_iPhone = "UIInterfaceOrientationPortrait UIInterfaceOrientationLandscapeLeft UIInterfaceOrientationLandscapeRight";
				LD_RUNPATH_SEARCH_PATHS = (
					"$(inherited)",
					"@executable_path/Frameworks",
				);
				MARKETING_VERSION = 1.0;
				PRODUCT_BUNDLE_IDENTIFIER = h1.PokemonAPI;
				PRODUCT_NAME = "$(TARGET_NAME)";
				SWIFT_EMIT_LOC_STRINGS = YES;
				SWIFT_VERSION = 5.0;
				TARGETED_DEVICE_FAMILY = "1,2";
			};
			name = Release;
		};
		02BF067F285CB8210006F4B1 /* Debug */ = {
			isa = XCBuildConfiguration;
			buildSettings = {
				ALWAYS_EMBED_SWIFT_STANDARD_LIBRARIES = YES;
				BUNDLE_LOADER = "$(TEST_HOST)";
				CODE_SIGN_STYLE = Automatic;
				CURRENT_PROJECT_VERSION = 1;
				GENERATE_INFOPLIST_FILE = YES;
				IPHONEOS_DEPLOYMENT_TARGET = 15.5;
				MARKETING_VERSION = 1.0;
				PRODUCT_BUNDLE_IDENTIFIER = h1.PokemonAPITests;
				PRODUCT_NAME = "$(TARGET_NAME)";
				SWIFT_EMIT_LOC_STRINGS = NO;
				SWIFT_VERSION = 5.0;
				TARGETED_DEVICE_FAMILY = "1,2";
				TEST_HOST = "$(BUILT_PRODUCTS_DIR)/PokemonAPI.app/PokemonAPI";
			};
			name = Debug;
		};
		02BF0680285CB8210006F4B1 /* Release */ = {
			isa = XCBuildConfiguration;
			buildSettings = {
				ALWAYS_EMBED_SWIFT_STANDARD_LIBRARIES = YES;
				BUNDLE_LOADER = "$(TEST_HOST)";
				CODE_SIGN_STYLE = Automatic;
				CURRENT_PROJECT_VERSION = 1;
				GENERATE_INFOPLIST_FILE = YES;
				IPHONEOS_DEPLOYMENT_TARGET = 15.5;
				MARKETING_VERSION = 1.0;
				PRODUCT_BUNDLE_IDENTIFIER = h1.PokemonAPITests;
				PRODUCT_NAME = "$(TARGET_NAME)";
				SWIFT_EMIT_LOC_STRINGS = NO;
				SWIFT_VERSION = 5.0;
				TARGETED_DEVICE_FAMILY = "1,2";
				TEST_HOST = "$(BUILT_PRODUCTS_DIR)/PokemonAPI.app/PokemonAPI";
			};
			name = Release;
		};
		02BF0682285CB8210006F4B1 /* Debug */ = {
			isa = XCBuildConfiguration;
			buildSettings = {
				ALWAYS_EMBED_SWIFT_STANDARD_LIBRARIES = YES;
				CODE_SIGN_STYLE = Automatic;
				CURRENT_PROJECT_VERSION = 1;
				GENERATE_INFOPLIST_FILE = YES;
				MARKETING_VERSION = 1.0;
				PRODUCT_BUNDLE_IDENTIFIER = h1.PokemonAPIUITests;
				PRODUCT_NAME = "$(TARGET_NAME)";
				SWIFT_EMIT_LOC_STRINGS = NO;
				SWIFT_VERSION = 5.0;
				TARGETED_DEVICE_FAMILY = "1,2";
				TEST_TARGET_NAME = PokemonAPI;
			};
			name = Debug;
		};
		02BF0683285CB8210006F4B1 /* Release */ = {
			isa = XCBuildConfiguration;
			buildSettings = {
				ALWAYS_EMBED_SWIFT_STANDARD_LIBRARIES = YES;
				CODE_SIGN_STYLE = Automatic;
				CURRENT_PROJECT_VERSION = 1;
				GENERATE_INFOPLIST_FILE = YES;
				MARKETING_VERSION = 1.0;
				PRODUCT_BUNDLE_IDENTIFIER = h1.PokemonAPIUITests;
				PRODUCT_NAME = "$(TARGET_NAME)";
				SWIFT_EMIT_LOC_STRINGS = NO;
				SWIFT_VERSION = 5.0;
				TARGETED_DEVICE_FAMILY = "1,2";
				TEST_TARGET_NAME = PokemonAPI;
			};
			name = Release;
		};
/* End XCBuildConfiguration section */

/* Begin XCConfigurationList section */
		02BF064C285CB81E0006F4B1 /* Build configuration list for PBXProject "PokemonAPI" */ = {
			isa = XCConfigurationList;
			buildConfigurations = (
				02BF0679285CB8210006F4B1 /* Debug */,
				02BF067A285CB8210006F4B1 /* Release */,
			);
			defaultConfigurationIsVisible = 0;
			defaultConfigurationName = Release;
		};
		02BF067B285CB8210006F4B1 /* Build configuration list for PBXNativeTarget "PokemonAPI" */ = {
			isa = XCConfigurationList;
			buildConfigurations = (
				02BF067C285CB8210006F4B1 /* Debug */,
				02BF067D285CB8210006F4B1 /* Release */,
			);
			defaultConfigurationIsVisible = 0;
			defaultConfigurationName = Release;
		};
		02BF067E285CB8210006F4B1 /* Build configuration list for PBXNativeTarget "PokemonAPITests" */ = {
			isa = XCConfigurationList;
			buildConfigurations = (
				02BF067F285CB8210006F4B1 /* Debug */,
				02BF0680285CB8210006F4B1 /* Release */,
			);
			defaultConfigurationIsVisible = 0;
			defaultConfigurationName = Release;
		};
		02BF0681285CB8210006F4B1 /* Build configuration list for PBXNativeTarget "PokemonAPIUITests" */ = {
			isa = XCConfigurationList;
			buildConfigurations = (
				02BF0682285CB8210006F4B1 /* Debug */,
				02BF0683285CB8210006F4B1 /* Release */,
			);
			defaultConfigurationIsVisible = 0;
			defaultConfigurationName = Release;
		};
/* End XCConfigurationList section */
	};
	rootObject = 02BF0649285CB81E0006F4B1 /* Project object */;
}
