// !$*UTF8*$!
{
	archiveVersion = 1;
	classes = {
	};
	objectVersion = 55;
	objects = {

/* Begin PBXBuildFile section */
		0230C9652860F41D00B6943D /* extension+UserDefault.swift in Sources */ = {isa = PBXBuildFile; fileRef = 0230C9642860F41D00B6943D /* extension+UserDefault.swift */; };
		8435503F285A0FD900CEF3B5 /* AppDelegate.swift in Sources */ = {isa = PBXBuildFile; fileRef = 8435503E285A0FD900CEF3B5 /* AppDelegate.swift */; };
		84355041285A0FD900CEF3B5 /* SceneDelegate.swift in Sources */ = {isa = PBXBuildFile; fileRef = 84355040285A0FD900CEF3B5 /* SceneDelegate.swift */; };
		84355043285A0FD900CEF3B5 /* ViewController.swift in Sources */ = {isa = PBXBuildFile; fileRef = 84355042285A0FD900CEF3B5 /* ViewController.swift */; };
		84355046285A0FD900CEF3B5 /* Main.storyboard in Resources */ = {isa = PBXBuildFile; fileRef = 84355044285A0FD900CEF3B5 /* Main.storyboard */; };
		84355048285A0FDE00CEF3B5 /* Assets.xcassets in Resources */ = {isa = PBXBuildFile; fileRef = 84355047285A0FDE00CEF3B5 /* Assets.xcassets */; };
		8435504B285A0FDE00CEF3B5 /* LaunchScreen.storyboard in Resources */ = {isa = PBXBuildFile; fileRef = 84355049285A0FDE00CEF3B5 /* LaunchScreen.storyboard */; };
		84355054285A120200CEF3B5 /* Hero.swift in Sources */ = {isa = PBXBuildFile; fileRef = 84355053285A120200CEF3B5 /* Hero.swift */; };
		84355056285A154A00CEF3B5 /* DetailViewController.swift in Sources */ = {isa = PBXBuildFile; fileRef = 84355055285A154A00CEF3B5 /* DetailViewController.swift */; };
		84355059285A16AF00CEF3B5 /* Extension+UIImageView.swift in Sources */ = {isa = PBXBuildFile; fileRef = 84355058285A16AF00CEF3B5 /* Extension+UIImageView.swift */; };
/* End PBXBuildFile section */

/* Begin PBXFileReference section */
		0230C9642860F41D00B6943D /* extension+UserDefault.swift */ = {isa = PBXFileReference; lastKnownFileType = sourcecode.swift; path = "extension+UserDefault.swift"; sourceTree = "<group>"; };
		8435503B285A0FD900CEF3B5 /* CodableDota.app */ = {isa = PBXFileReference; explicitFileType = wrapper.application; includeInIndex = 0; path = CodableDota.app; sourceTree = BUILT_PRODUCTS_DIR; };
		8435503E285A0FD900CEF3B5 /* AppDelegate.swift */ = {isa = PBXFileReference; lastKnownFileType = sourcecode.swift; path = AppDelegate.swift; sourceTree = "<group>"; };
		84355040285A0FD900CEF3B5 /* SceneDelegate.swift */ = {isa = PBXFileReference; lastKnownFileType = sourcecode.swift; path = SceneDelegate.swift; sourceTree = "<group>"; };
		84355042285A0FD900CEF3B5 /* ViewController.swift */ = {isa = PBXFileReference; lastKnownFileType = sourcecode.swift; path = ViewController.swift; sourceTree = "<group>"; };
		84355045285A0FD900CEF3B5 /* Base */ = {isa = PBXFileReference; lastKnownFileType = file.storyboard; name = Base; path = Base.lproj/Main.storyboard; sourceTree = "<group>"; };
		84355047285A0FDE00CEF3B5 /* Assets.xcassets */ = {isa = PBXFileReference; lastKnownFileType = folder.assetcatalog; path = Assets.xcassets; sourceTree = "<group>"; };
		8435504A285A0FDE00CEF3B5 /* Base */ = {isa = PBXFileReference; lastKnownFileType = file.storyboard; name = Base; path = Base.lproj/LaunchScreen.storyboard; sourceTree = "<group>"; };
		8435504C285A0FDE00CEF3B5 /* Info.plist */ = {isa = PBXFileReference; lastKnownFileType = text.plist.xml; path = Info.plist; sourceTree = "<group>"; };
		84355053285A120200CEF3B5 /* Hero.swift */ = {isa = PBXFileReference; lastKnownFileType = sourcecode.swift; path = Hero.swift; sourceTree = "<group>"; };
		84355055285A154A00CEF3B5 /* DetailViewController.swift */ = {isa = PBXFileReference; lastKnownFileType = sourcecode.swift; path = DetailViewController.swift; sourceTree = "<group>"; };
		84355058285A16AF00CEF3B5 /* Extension+UIImageView.swift */ = {isa = PBXFileReference; lastKnownFileType = sourcecode.swift; path = "Extension+UIImageView.swift"; sourceTree = "<group>"; };
/* End PBXFileReference section */

/* Begin PBXFrameworksBuildPhase section */
		84355038285A0FD900CEF3B5 /* Frameworks */ = {
			isa = PBXFrameworksBuildPhase;
			buildActionMask = 2147483647;
			files = (
			);
			runOnlyForDeploymentPostprocessing = 0;
		};
/* End PBXFrameworksBuildPhase section */

/* Begin PBXGroup section */
		84355032285A0FD900CEF3B5 = {
			isa = PBXGroup;
			children = (
				8435503D285A0FD900CEF3B5 /* CodableDota */,
				8435503C285A0FD900CEF3B5 /* Products */,
			);
			sourceTree = "<group>";
		};
		8435503C285A0FD900CEF3B5 /* Products */ = {
			isa = PBXGroup;
			children = (
				8435503B285A0FD900CEF3B5 /* CodableDota.app */,
			);
			name = Products;
			sourceTree = "<group>";
		};
		8435503D285A0FD900CEF3B5 /* CodableDota */ = {
			isa = PBXGroup;
			children = (
				84355057285A169000CEF3B5 /* Utils */,
				84355052285A11F200CEF3B5 /* Model */,
				8435503E285A0FD900CEF3B5 /* AppDelegate.swift */,
				84355040285A0FD900CEF3B5 /* SceneDelegate.swift */,
				84355042285A0FD900CEF3B5 /* ViewController.swift */,
				84355055285A154A00CEF3B5 /* DetailViewController.swift */,
				84355044285A0FD900CEF3B5 /* Main.storyboard */,
				84355047285A0FDE00CEF3B5 /* Assets.xcassets */,
				84355049285A0FDE00CEF3B5 /* LaunchScreen.storyboard */,
				8435504C285A0FDE00CEF3B5 /* Info.plist */,
			);
			path = CodableDota;
			sourceTree = "<group>";
		};
		84355052285A11F200CEF3B5 /* Model */ = {
			isa = PBXGroup;
			children = (
				84355053285A120200CEF3B5 /* Hero.swift */,
			);
			path = Model;
			sourceTree = "<group>";
		};
		84355057285A169000CEF3B5 /* Utils */ = {
			isa = PBXGroup;
			children = (
				84355058285A16AF00CEF3B5 /* Extension+UIImageView.swift */,
				0230C9642860F41D00B6943D /* extension+UserDefault.swift */,
			);
			path = Utils;
			sourceTree = "<group>";
		};
/* End PBXGroup section */

/* Begin PBXNativeTarget section */
		8435503A285A0FD900CEF3B5 /* CodableDota */ = {
			isa = PBXNativeTarget;
			buildConfigurationList = 8435504F285A0FDE00CEF3B5 /* Build configuration list for PBXNativeTarget "CodableDota" */;
			buildPhases = (
				84355037285A0FD900CEF3B5 /* Sources */,
				84355038285A0FD900CEF3B5 /* Frameworks */,
				84355039285A0FD900CEF3B5 /* Resources */,
			);
			buildRules = (
			);
			dependencies = (
			);
			name = CodableDota;
			productName = CodableDota;
			productReference = 8435503B285A0FD900CEF3B5 /* CodableDota.app */;
			productType = "com.apple.product-type.application";
		};
/* End PBXNativeTarget section */

/* Begin PBXProject section */
		84355033285A0FD900CEF3B5 /* Project object */ = {
			isa = PBXProject;
			attributes = {
				BuildIndependentTargetsInParallel = 1;
				LastSwiftUpdateCheck = 1340;
				LastUpgradeCheck = 1340;
				TargetAttributes = {
					8435503A285A0FD900CEF3B5 = {
						CreatedOnToolsVersion = 13.4.1;
					};
				};
			};
			buildConfigurationList = 84355036285A0FD900CEF3B5 /* Build configuration list for PBXProject "CodableDota" */;
			compatibilityVersion = "Xcode 13.0";
			developmentRegion = en;
			hasScannedForEncodings = 0;
			knownRegions = (
				en,
				Base,
			);
			mainGroup = 84355032285A0FD900CEF3B5;
			productRefGroup = 8435503C285A0FD900CEF3B5 /* Products */;
			projectDirPath = "";
			projectRoot = "";
			targets = (
				8435503A285A0FD900CEF3B5 /* CodableDota */,
			);
		};
/* End PBXProject section */

/* Begin PBXResourcesBuildPhase section */
		84355039285A0FD900CEF3B5 /* Resources */ = {
			isa = PBXResourcesBuildPhase;
			buildActionMask = 2147483647;
			files = (
				8435504B285A0FDE00CEF3B5 /* LaunchScreen.storyboard in Resources */,
				84355048285A0FDE00CEF3B5 /* Assets.xcassets in Resources */,
				84355046285A0FD900CEF3B5 /* Main.storyboard in Resources */,
			);
			runOnlyForDeploymentPostprocessing = 0;
		};
/* End PBXResourcesBuildPhase section */

/* Begin PBXSourcesBuildPhase section */
		84355037285A0FD900CEF3B5 /* Sources */ = {
			isa = PBXSourcesBuildPhase;
			buildActionMask = 2147483647;
			files = (
				84355043285A0FD900CEF3B5 /* ViewController.swift in Sources */,
				8435503F285A0FD900CEF3B5 /* AppDelegate.swift in Sources */,
				84355056285A154A00CEF3B5 /* DetailViewController.swift in Sources */,
				84355041285A0FD900CEF3B5 /* SceneDelegate.swift in Sources */,
				84355059285A16AF00CEF3B5 /* Extension+UIImageView.swift in Sources */,
				84355054285A120200CEF3B5 /* Hero.swift in Sources */,
				0230C9652860F41D00B6943D /* extension+UserDefault.swift in Sources */,
			);
			runOnlyForDeploymentPostprocessing = 0;
		};
/* End PBXSourcesBuildPhase section */

/* Begin PBXVariantGroup section */
		84355044285A0FD900CEF3B5 /* Main.storyboard */ = {
			isa = PBXVariantGroup;
			children = (
				84355045285A0FD900CEF3B5 /* Base */,
			);
			name = Main.storyboard;
			sourceTree = "<group>";
		};
		84355049285A0FDE00CEF3B5 /* LaunchScreen.storyboard */ = {
			isa = PBXVariantGroup;
			children = (
				8435504A285A0FDE00CEF3B5 /* Base */,
			);
			name = LaunchScreen.storyboard;
			sourceTree = "<group>";
		};
/* End PBXVariantGroup section */

/* Begin XCBuildConfiguration section */
		8435504D285A0FDE00CEF3B5 /* Debug */ = {
			isa = XCBuildConfiguration;
			buildSettings = {
				ALWAYS_SEARCH_USER_PATHS = NO;
				CLANG_ANALYZER_NONNULL = YES;
				CLANG_ANALYZER_NUMBER_OBJECT_CONVERSION = YES_AGGRESSIVE;
				CLANG_CXX_LANGUAGE_STANDARD = "gnu++17";
				CLANG_ENABLE_MODULES = YES;
				CLANG_ENABLE_OBJC_ARC = YES;
				CLANG_ENABLE_OBJC_WEAK = YES;
				CLANG_WARN_BLOCK_CAPTURE_AUTORELEASING = YES;
				CLANG_WARN_BOOL_CONVERSION = YES;
				CLANG_WARN_COMMA = YES;
				CLANG_WARN_CONSTANT_CONVERSION = YES;
				CLANG_WARN_DEPRECATED_OBJC_IMPLEMENTATIONS = YES;
				CLANG_WARN_DIRECT_OBJC_ISA_USAGE = YES_ERROR;
				CLANG_WARN_DOCUMENTATION_COMMENTS = YES;
				CLANG_WARN_EMPTY_BODY = YES;
				CLANG_WARN_ENUM_CONVERSION = YES;
				CLANG_WARN_INFINITE_RECURSION = YES;
				CLANG_WARN_INT_CONVERSION = YES;
				CLANG_WARN_NON_LITERAL_NULL_CONVERSION = YES;
				CLANG_WARN_OBJC_IMPLICIT_RETAIN_SELF = YES;
				CLANG_WARN_OBJC_LITERAL_CONVERSION = YES;
				CLANG_WARN_OBJC_ROOT_CLASS = YES_ERROR;
				CLANG_WARN_QUOTED_INCLUDE_IN_FRAMEWORK_HEADER = YES;
				CLANG_WARN_RANGE_LOOP_ANALYSIS = YES;
				CLANG_WARN_STRICT_PROTOTYPES = YES;
				CLANG_WARN_SUSPICIOUS_MOVE = YES;
				CLANG_WARN_UNGUARDED_AVAILABILITY = YES_AGGRESSIVE;
				CLANG_WARN_UNREACHABLE_CODE = YES;
				CLANG_WARN__DUPLICATE_METHOD_MATCH = YES;
				COPY_PHASE_STRIP = NO;
				DEBUG_INFORMATION_FORMAT = dwarf;
				ENABLE_STRICT_OBJC_MSGSEND = YES;
				ENABLE_TESTABILITY = YES;
				GCC_C_LANGUAGE_STANDARD = gnu11;
				GCC_DYNAMIC_NO_PIC = NO;
				GCC_NO_COMMON_BLOCKS = YES;
				GCC_OPTIMIZATION_LEVEL = 0;
				GCC_PREPROCESSOR_DEFINITIONS = (
					"DEBUG=1",
					"$(inherited)",
				);
				GCC_WARN_64_TO_32_BIT_CONVERSION = YES;
				GCC_WARN_ABOUT_RETURN_TYPE = YES_ERROR;
				GCC_WARN_UNDECLARED_SELECTOR = YES;
				GCC_WARN_UNINITIALIZED_AUTOS = YES_AGGRESSIVE;
				GCC_WARN_UNUSED_FUNCTION = YES;
				GCC_WARN_UNUSED_VARIABLE = YES;
				IPHONEOS_DEPLOYMENT_TARGET = 15.5;
				MTL_ENABLE_DEBUG_INFO = INCLUDE_SOURCE;
				MTL_FAST_MATH = YES;
				ONLY_ACTIVE_ARCH = YES;
				SDKROOT = iphoneos;
				SWIFT_ACTIVE_COMPILATION_CONDITIONS = DEBUG;
				SWIFT_OPTIMIZATION_LEVEL = "-Onone";
			};
			name = Debug;
		};
		8435504E285A0FDE00CEF3B5 /* Release */ = {
			isa = XCBuildConfiguration;
			buildSettings = {
				ALWAYS_SEARCH_USER_PATHS = NO;
				CLANG_ANALYZER_NONNULL = YES;
				CLANG_ANALYZER_NUMBER_OBJECT_CONVERSION = YES_AGGRESSIVE;
				CLANG_CXX_LANGUAGE_STANDARD = "gnu++17";
				CLANG_ENABLE_MODULES = YES;
				CLANG_ENABLE_OBJC_ARC = YES;
				CLANG_ENABLE_OBJC_WEAK = YES;
				CLANG_WARN_BLOCK_CAPTURE_AUTORELEASING = YES;
				CLANG_WARN_BOOL_CONVERSION = YES;
				CLANG_WARN_COMMA = YES;
				CLANG_WARN_CONSTANT_CONVERSION = YES;
				CLANG_WARN_DEPRECATED_OBJC_IMPLEMENTATIONS = YES;
				CLANG_WARN_DIRECT_OBJC_ISA_USAGE = YES_ERROR;
				CLANG_WARN_DOCUMENTATION_COMMENTS = YES;
				CLANG_WARN_EMPTY_BODY = YES;
				CLANG_WARN_ENUM_CONVERSION = YES;
				CLANG_WARN_INFINITE_RECURSION = YES;
				CLANG_WARN_INT_CONVERSION = YES;
				CLANG_WARN_NON_LITERAL_NULL_CONVERSION = YES;
				CLANG_WARN_OBJC_IMPLICIT_RETAIN_SELF = YES;
				CLANG_WARN_OBJC_LITERAL_CONVERSION = YES;
				CLANG_WARN_OBJC_ROOT_CLASS = YES_ERROR;
				CLANG_WARN_QUOTED_INCLUDE_IN_FRAMEWORK_HEADER = YES;
				CLANG_WARN_RANGE_LOOP_ANALYSIS = YES;
				CLANG_WARN_STRICT_PROTOTYPES = YES;
				CLANG_WARN_SUSPICIOUS_MOVE = YES;
				CLANG_WARN_UNGUARDED_AVAILABILITY = YES_AGGRESSIVE;
				CLANG_WARN_UNREACHABLE_CODE = YES;
				CLANG_WARN__DUPLICATE_METHOD_MATCH = YES;
				COPY_PHASE_STRIP = NO;
				DEBUG_INFORMATION_FORMAT = "dwarf-with-dsym";
				ENABLE_NS_ASSERTIONS = NO;
				ENABLE_STRICT_OBJC_MSGSEND = YES;
				GCC_C_LANGUAGE_STANDARD = gnu11;
				GCC_NO_COMMON_BLOCKS = YES;
				GCC_WARN_64_TO_32_BIT_CONVERSION = YES;
				GCC_WARN_ABOUT_RETURN_TYPE = YES_ERROR;
				GCC_WARN_UNDECLARED_SELECTOR = YES;
				GCC_WARN_UNINITIALIZED_AUTOS = YES_AGGRESSIVE;
				GCC_WARN_UNUSED_FUNCTION = YES;
				GCC_WARN_UNUSED_VARIABLE = YES;
				IPHONEOS_DEPLOYMENT_TARGET = 15.5;
				MTL_ENABLE_DEBUG_INFO = NO;
				MTL_FAST_MATH = YES;
				SDKROOT = iphoneos;
				SWIFT_COMPILATION_MODE = wholemodule;
				SWIFT_OPTIMIZATION_LEVEL = "-O";
				VALIDATE_PRODUCT = YES;
			};
			name = Release;
		};
		84355050285A0FDE00CEF3B5 /* Debug */ = {
			isa = XCBuildConfiguration;
			buildSettings = {
				ASSETCATALOG_COMPILER_APPICON_NAME = AppIcon;
				ASSETCATALOG_COMPILER_GLOBAL_ACCENT_COLOR_NAME = AccentColor;
				CODE_SIGN_STYLE = Automatic;
				CURRENT_PROJECT_VERSION = 1;
				DEVELOPMENT_TEAM = 6UUU2N8685;
				GENERATE_INFOPLIST_FILE = YES;
				INFOPLIST_FILE = CodableDota/Info.plist;
				INFOPLIST_KEY_UIApplicationSupportsIndirectInputEvents = YES;
				INFOPLIST_KEY_UILaunchStoryboardName = LaunchScreen;
				INFOPLIST_KEY_UIMainStoryboardFile = Main;
				INFOPLIST_KEY_UISupportedInterfaceOrientations_iPad = "UIInterfaceOrientationPortrait UIInterfaceOrientationPortraitUpsideDown UIInterfaceOrientationLandscapeLeft UIInterfaceOrientationLandscapeRight";
				INFOPLIST_KEY_UISupportedInterfaceOrientations_iPhone = "UIInterfaceOrientationPortrait UIInterfaceOrientationLandscapeLeft UIInterfaceOrientationLandscapeRight";
				LD_RUNPATH_SEARCH_PATHS = (
					"$(inherited)",
					"@executable_path/Frameworks",
				);
				MARKETING_VERSION = 1.0;
				PRODUCT_BUNDLE_IDENTIFIER = EIT.CodableDota;
				PRODUCT_NAME = "$(TARGET_NAME)";
				SWIFT_EMIT_LOC_STRINGS = YES;
				SWIFT_VERSION = 5.0;
				TARGETED_DEVICE_FAMILY = "1,2";
			};
			name = Debug;
		};
		84355051285A0FDE00CEF3B5 /* Release */ = {
			isa = XCBuildConfiguration;
			buildSettings = {
				ASSETCATALOG_COMPILER_APPICON_NAME = AppIcon;
				ASSETCATALOG_COMPILER_GLOBAL_ACCENT_COLOR_NAME = AccentColor;
				CODE_SIGN_STYLE = Automatic;
				CURRENT_PROJECT_VERSION = 1;
				DEVELOPMENT_TEAM = 6UUU2N8685;
				GENERATE_INFOPLIST_FILE = YES;
				INFOPLIST_FILE = CodableDota/Info.plist;
				INFOPLIST_KEY_UIApplicationSupportsIndirectInputEvents = YES;
				INFOPLIST_KEY_UILaunchStoryboardName = LaunchScreen;
				INFOPLIST_KEY_UIMainStoryboardFile = Main;
				INFOPLIST_KEY_UISupportedInterfaceOrientations_iPad = "UIInterfaceOrientationPortrait UIInterfaceOrientationPortraitUpsideDown UIInterfaceOrientationLandscapeLeft UIInterfaceOrientationLandscapeRight";
				INFOPLIST_KEY_UISupportedInterfaceOrientations_iPhone = "UIInterfaceOrientationPortrait UIInterfaceOrientationLandscapeLeft UIInterfaceOrientationLandscapeRight";
				LD_RUNPATH_SEARCH_PATHS = (
					"$(inherited)",
					"@executable_path/Frameworks",
				);
				MARKETING_VERSION = 1.0;
				PRODUCT_BUNDLE_IDENTIFIER = EIT.CodableDota;
				PRODUCT_NAME = "$(TARGET_NAME)";
				SWIFT_EMIT_LOC_STRINGS = YES;
				SWIFT_VERSION = 5.0;
				TARGETED_DEVICE_FAMILY = "1,2";
			};
			name = Release;
		};
/* End XCBuildConfiguration section */

/* Begin XCConfigurationList section */
		84355036285A0FD900CEF3B5 /* Build configuration list for PBXProject "CodableDota" */ = {
			isa = XCConfigurationList;
			buildConfigurations = (
				8435504D285A0FDE00CEF3B5 /* Debug */,
				8435504E285A0FDE00CEF3B5 /* Release */,
			);
			defaultConfigurationIsVisible = 0;
			defaultConfigurationName = Release;
		};
		8435504F285A0FDE00CEF3B5 /* Build configuration list for PBXNativeTarget "CodableDota" */ = {
			isa = XCConfigurationList;
			buildConfigurations = (
				84355050285A0FDE00CEF3B5 /* Debug */,
				84355051285A0FDE00CEF3B5 /* Release */,
			);
			defaultConfigurationIsVisible = 0;
			defaultConfigurationName = Release;
		};
/* End XCConfigurationList section */
	};
	rootObject = 84355033285A0FD900CEF3B5 /* Project object */;
}
